lockfileVersion: '9.0'

settings:
  autoInstallPeers: true
  excludeLinksFromLockfile: false

importers:

  .:
    devDependencies:
      '@types/node':
        specifier: ^26.5.1
        version: 26.5.1
      '@types/vscode':
        specifier: 1.92.0
        version: 1.92.0
      typescript:
        specifier: ^5.7.0
        version: 5.7.2

packages:

  '@types/node@26.5.1':
    resolution: {integrity: sha512-CzNm2FezW4VR/LjG6yUdiEgLE/rAQ9Slj5gCu/C2VrdcW7I0ahNZ8DRbHT7zOZ6r3ONgd/bsQIeSaoDGrd1C6g==}

  '@types/vscode@1.92.0':
    resolution: {integrity: sha512-DcZoCj17RXlzB4XJ7IfKdPTcTGDLYvTOcTNkvtjXWF+K2TlKzHHkBEXNWQRpBIXixNEUgx39cQeTFunY0E2msw==}

  typescript@5.7.2:
    resolution: {integrity: sha512-i5t66RHxDvVN40HfDd1PsEThGNnlMCMT3jMUuoh9/0TaqWevNontacunWyN02LA9/fIbEWlcHZcgTKb9QoaLfg==}
    engines: {node: '>=14.17'}
    hasBin: true

  undici-types@8.9.0:
    resolution: {integrity: sha512-KTDyRTYX8sWmKXAikPHHSyc63CRPETMctyjKFupcC6OBLXT3xsN0e9aF7m+mIXutFWpUXuedtowG7iLOzp0kQg==}

snapshots:

  '@types/node@26.5.1':
    dependencies:
      undici-types: 8.9.0

  '@types/vscode@1.92.0': {}

  typescript@5.7.2: {}

  undici-types@8.9.0: {}
